<?xml version="1.0" encoding="utf-8"?>
<Project ToolsVersion="4.0" xmlns="http://schemas.microsoft.com/developer/msbuild/2003">
  <ItemGroup>
    <Filter Include="Source Files">
      <UniqueIdentifier>{4FC737F1-C7A5-4376-A066-2A32D752A2FF}</UniqueIdentifier>
      <Extensions>cpp;c;cc;cxx;def;odl;idl;hpj;bat;asm;asmx</Extensions>
    </Filter>
    <Filter Include="Header Files">
      <UniqueIdentifier>{93995380-89BD-4b04-88EB-625FBE52EBFB}</UniqueIdentifier>
      <Extensions>h;hh;hpp;hxx;hm;inl;inc;xsd</Extensions>
    </Filter>
    <Filter Include="Resource Files">
      <UniqueIdentifier>{67DA6AB6-F800-4c08-8B7A-83BB121AAD01}</UniqueIdentifier>
      <Extensions>rc;ico;cur;bmp;dlg;rc2;rct;bin;rgs;gif;jpg;jpeg;jpe;resx;tiff;tif;png;wav;mfcribbon-ms</Extensions>
    </Filter>
    <Filter Include="Resource Files\graphics">
      <UniqueIdentifier>{821673f9-fa74-4a0a-8662-dceac4aa0b7f}</UniqueIdentifier>
    </Filter>
    <Filter Include="Resource Files\graphics\start">
      <UniqueIdentifier>{8df58133-a31e-4f9b-8ea8-f8f713c1361d}</UniqueIdentifier>
    </Filter>
    <Filter Include="Resource Files\graphics\race">
      <UniqueIdentifier>{6163cd7b-8f58-4a5d-bc70-488346966abc}</UniqueIdentifier>
    </Filter>
    <Filter Include="Resource Files\graphics\stables">
      <UniqueIdentifier>{35461678-bcbd-4923-b486-8254428a7c16}</UniqueIdentifier>
    </Filter>
    <Filter Include="Resource Files\graphics\betting">
      <UniqueIdentifier>{c9e0221a-f24d-406c-9370-a55dbb10afcb}</UniqueIdentifier>
    </Filter>
    <Filter Include="Resource Files\graphics\instructions">
      <UniqueIdentifier>{9dea6e5e-b263-49bc-895a-e1f7605e74ec}</UniqueIdentifier>
    </Filter>
  </ItemGroup>
  <ItemGroup>
    <ClCompile Include="main.c">
      <Filter>Source Files</Filter>
    </ClCompile>
  </ItemGroup>
  <ItemGroup>
    <Image Include="graphics\start\background.png">
      <Filter>Resource Files\graphics\start</Filter>
    </Image>
  </ItemGroup>
</Project>